
Microsoft Visual Studio Solution File, Format Version 12.00
# Visual Studio Version 16
VisualStudioVersion = 16.0.29926.136
MinimumVisualStudioVersion = 10.0.40219.1
Project("{FAE04EC0-301F-11D3-BF4B-00C04F79EFBC}") = "Mango.Captcha.Core", "src\Mango.Captcha.Core\Mango.Captcha.Core.csproj", "{EB6809A3-D48B-4474-8C27-CA323681B1F0}"
EndProject
Project("{FAE04EC0-301F-11D3-BF4B-00C04F79EFBC}") = "Mango.Captcha.MvcDemo", "demo\Mango.Captcha.MvcDemo\Mango.Captcha.MvcDemo.csproj", "{1054B832-EE0D-4752-94DE-0BC5E2F1D863}"
EndProject
Global
	GlobalSection(SolutionConfigurationPlatforms) = preSolution
		Debug|Any CPU = Debug|Any CPU
		Release|Any CPU = Release|Any CPU
	EndGlobalSection
	GlobalSection(ProjectConfigurationPlatforms) = postSolution
		{EB6809A3-D48B-4474-8C27-CA323681B1F0}.Debug|Any CPU.ActiveCfg = Debug|Any CPU
		{EB6809A3-D48B-4474-8C27-CA323681B1F0}.Debug|Any CPU.Build.0 = Debug|Any CPU
		{EB6809A3-D48B-4474-8C27-CA323681B1F0}.Release|Any CPU.ActiveCfg = Release|Any CPU
		{EB6809A3-D48B-4474-8C27-CA323681B1F0}.Release|Any CPU.Build.0 = Release|Any CPU
		{1054B832-EE0D-4752-94DE-0BC5E2F1D863}.Debug|Any CPU.ActiveCfg = Debug|Any CPU
		{1054B832-EE0D-4752-94DE-0BC5E2F1D863}.Debug|Any CPU.Build.0 = Debug|Any CPU
		{1054B832-EE0D-4752-94DE-0BC5E2F1D863}.Release|Any CPU.ActiveCfg = Release|Any CPU
		{1054B832-EE0D-4752-94DE-0BC5E2F1D863}.Release|Any CPU.Build.0 = Release|Any CPU
	EndGlobalSection
	GlobalSection(SolutionProperties) = preSolution
		HideSolutionNode = FALSE
	EndGlobalSection
	GlobalSection(ExtensibilityGlobals) = postSolution
		SolutionGuid = {A0DE5D1B-F64C-4C2E-ABB4-1032AAE19DE1}
	EndGlobalSection
EndGlobal
